
Microsoft Visual Studio Solution File, Format Version 12.00
Project("{FAE04EC0-301F-11D3-BF4B-00C04F79EFBC}") = "TurboCollections", "TurboCollections\TurboCollections.csproj", "{53BD9FFD-2581-47DE-89D8-257D13CE454A}"
EndProject
Project("{FAE04EC0-301F-11D3-BF4B-00C04F79EFBC}") = "CustomerManagement", "CustomerManagement\CustomerManagement.csproj", "{D2BD147F-D52F-4CDF-9E32-F8A205BC0D91}"
EndProject
Global
	GlobalSection(SolutionConfigurationPlatforms) = preSolution
		Debug|Any CPU = Debug|Any CPU
		Release|Any CPU = Release|Any CPU
	EndGlobalSection
	GlobalSection(ProjectConfigurationPlatforms) = postSolution
		{53BD9FFD-2581-47DE-89D8-257D13CE454A}.Debug|Any CPU.ActiveCfg = Debug|Any CPU
		{53BD9FFD-2581-47DE-89D8-257D13CE454A}.Debug|Any CPU.Build.0 = Debug|Any CPU
		{53BD9FFD-2581-47DE-89D8-257D13CE454A}.Release|Any CPU.ActiveCfg = Release|Any CPU
		{53BD9FFD-2581-47DE-89D8-257D13CE454A}.Release|Any CPU.Build.0 = Release|Any CPU
		{D2BD147F-D52F-4CDF-9E32-F8A205BC0D91}.Debug|Any CPU.ActiveCfg = Debug|Any CPU
		{D2BD147F-D52F-4CDF-9E32-F8A205BC0D91}.Debug|Any CPU.Build.0 = Debug|Any CPU
		{D2BD147F-D52F-4CDF-9E32-F8A205BC0D91}.Release|Any CPU.ActiveCfg = Release|Any CPU
		{D2BD147F-D52F-4CDF-9E32-F8A205BC0D91}.Release|Any CPU.Build.0 = Release|Any CPU
	EndGlobalSection
EndGlobal
